{"1.2.0",
[{<<"elli">>,{pkg,<<"elli">>,<<"3.3.0">>},0},
 {<<"goldrush">>,{pkg,<<"goldrush">>,<<"0.1.9">>},1},
 {<<"jsx">>,{pkg,<<"jsx">>,<<"3.1.0">>},0},
 {<<"lager">>,{pkg,<<"lager">>,<<"3.9.2">>},0},
 {<<"observer_cli">>,{pkg,<<"observer_cli">>,<<"1.7.1">>},0},
 {<<"prometheus">>,{pkg,<<"prometheus">>,<<"4.8.1">>},0},
 {<<"quantile_estimator">>,{pkg,<<"quantile_estimator">>,<<"0.2.1">>},1},
 {<<"recon">>,{pkg,<<"recon">>,<<"2.5.2">>},1}]}.
[
{pkg_hash,[
 {<<"elli">>, <<"089218762A7FF3D20AE81C8E911BD0F73EE4EE0ED85454226D1FC6B4FFF3B4F6">>},
 {<<"goldrush">>, <<"F06E5D5F1277DA5C413E84D5A2924174182FB108DABB39D5EC548B27424CD106">>},
 {<<"jsx">>, <<"D12516BAA0BB23A59BB35DCCAF02A1BD08243FCBB9EFE24F2D9D056CCFF71268">>},
 {<<"lager">>, <<"4CAB289120EB24964E3886BD22323CB5FEFE4510C076992A23AD18CF85413D8C">>},
 {<<"observer_cli">>, <<"C9CA1F623A3EF0158283A3C37CD7B7235BFE85927AD6E26396DD247E2057F5A1">>},
 {<<"prometheus">>, <<"FA76B152555273739C14B06F09F485CF6D5D301FE4E9D31B7FF803D26025D7A0">>},
 {<<"quantile_estimator">>, <<"EF50A361F11B5F26B5F16D0696E46A9E4661756492C981F7B2229EF42FF1CD15">>},
 {<<"recon">>, <<"CBA53FA8DB83AD968C9A652E09C3ED7DDCC4DA434F27C3EAA9CA47FFB2B1FF03">>}]},
{pkg_hash_ext,[
 {<<"elli">>, <<"698B13B33D05661DB9FE7EFCBA41B84825A379CCE86E486CF6AFF9285BE0CCF8">>},
 {<<"goldrush">>, <<"99CB4128CFFCB3227581E5D4D803D5413FA643F4EB96523F77D9E6937D994CEB">>},
 {<<"jsx">>, <<"0C5CC8FDC11B53CC25CF65AC6705AD39E54ECC56D1C22E4ADB8F5A53FB9427F3">>},
 {<<"lager">>, <<"7F904D9E87A8CB7E66156ED31768D1C8E26EBA1D54F4BC85B1AA4AC1F6340C28">>},
 {<<"observer_cli">>, <<"4CCAFAAA2CE01B85DDD14591F4D5F6731B4E13B610A70FB841F0701178478280">>},
 {<<"prometheus">>, <<"6EDFBE928D271C7F657A6F2C46258738086584BD6CAE4A000B8B9A6009BA23A5">>},
 {<<"quantile_estimator">>, <<"282A8A323CA2A845C9E6F787D166348F776C1D4A41EDE63046D72D422E3DA946">>},
 {<<"recon">>, <<"2C7523C8DEE91DFF41F6B3D63CBA2BD49EB6D2FE5BF1EEC0DF7F87EB5E230E1C">>}]}
].
